// !$*UTF8*$!
{
	archiveVersion = 1;
	classes = {
	};
	objectVersion = 42;
	objects = {

/* Begin PBXBuildFile section */
		56E2AD12088E087D0097E200 /* XgridFoundation.framework in Frameworks */ = {isa = PBXBuildFile; fileRef = 56E2AD11088E087D0097E200 /* XgridFoundation.framework */; };
		56E2AD8D088E1A460097E200 /* XgridPrivate.h in CopyFiles */ = {isa = PBXBuildFile; fileRef = 56E2AD8C088E1A460097E200 /* XgridPrivate.h */; };
		56E458B6088D86880096D72B /* StatusReporter.h in CopyFiles */ = {isa = PBXBuildFile; fileRef = 56E458B4088D86880096D72B /* StatusReporter.h */; };
		56E458B7088D86880096D72B /* StatusReporter.m in Sources */ = {isa = PBXBuildFile; fileRef = 56E458B5088D86880096D72B /* StatusReporter.m */; };
		56E458CA088D886D0096D72B /* DebugLog.h in CopyFiles */ = {isa = PBXBuildFile; fileRef = 56E458C8088D886D0096D72B /* DebugLog.h */; };
		56E458CB088D886D0096D72B /* DebugLog.m in Sources */ = {isa = PBXBuildFile; fileRef = 56E458C9088D886D0096D72B /* DebugLog.m */; };
		8DD76F9A0486AA7600D96B5E /* XgridStatus.m in Sources */ = {isa = PBXBuildFile; fileRef = 08FB7796FE84155DC02AAC07 /* XgridStatus.m */; settings = {ATTRIBUTES = (); }; };
		8DD76F9C0486AA7600D96B5E /* Foundation.framework in Frameworks */ = {isa = PBXBuildFile; fileRef = 08FB779EFE84155DC02AAC07 /* Foundation.framework */; };
		8DD76F9F0486AA7600D96B5E /* xgridstatus.1 in CopyFiles */ = {isa = PBXBuildFile; fileRef = C6859EA3029092ED04C91782 /* xgridstatus.1 */; };
/* End PBXBuildFile section */

/* Begin PBXBuildStyle section */
		014CEA4F0018CE4811CA2923 /* Debug */ = {
			isa = PBXBuildStyle;
			buildSettings = {
				COPY_PHASE_STRIP = NO;
				GCC_DYNAMIC_NO_PIC = NO;
				GCC_ENABLE_FIX_AND_CONTINUE = YES;
				GCC_GENERATE_DEBUGGING_SYMBOLS = YES;
				GCC_OPTIMIZATION_LEVEL = 0;
				ZERO_LINK = YES;
			};
			name = Debug;
		};
		014CEA500018CE4811CA2923 /* Release */ = {
			isa = PBXBuildStyle;
			buildSettings = {
				COPY_PHASE_STRIP = YES;
				GCC_ENABLE_FIX_AND_CONTINUE = NO;
				ZERO_LINK = NO;
			};
			name = Release;
		};
/* End PBXBuildStyle section */

/* Begin PBXCopyFilesBuildPhase section */
		8DD76F9E0486AA7600D96B5E /* CopyFiles */ = {
			isa = PBXCopyFilesBuildPhase;
			buildActionMask = 8;
			dstPath = /usr/share/man/man1/;
			dstSubfolderSpec = 0;
			files = (
				8DD76F9F0486AA7600D96B5E /* xgridstatus.1 in CopyFiles */,
				56E458B6088D86880096D72B /* StatusReporter.h in CopyFiles */,
				56E458CA088D886D0096D72B /* DebugLog.h in CopyFiles */,
				56E2AD8D088E1A460097E200 /* XgridPrivate.h in CopyFiles */,
			);
			runOnlyForDeploymentPostprocessing = 1;
		};
/* End PBXCopyFilesBuildPhase section */

/* Begin PBXFileReference section */
		08FB7796FE84155DC02AAC07 /* XgridStatus.m */ = {isa = PBXFileReference; fileEncoding = 4; lastKnownFileType = sourcecode.c.objc; path = XgridStatus.m; sourceTree = "<group>"; };
		08FB779EFE84155DC02AAC07 /* Foundation.framework */ = {isa = PBXFileReference; lastKnownFileType = wrapper.framework; name = Foundation.framework; path = /System/Library/Frameworks/Foundation.framework; sourceTree = "<absolute>"; };
		32A70AAB03705E1F00C91783 /* XgridStatus_Prefix.pch */ = {isa = PBXFileReference; fileEncoding = 4; lastKnownFileType = sourcecode.c.h; path = XgridStatus_Prefix.pch; sourceTree = "<group>"; };
		56E2AD11088E087D0097E200 /* XgridFoundation.framework */ = {isa = PBXFileReference; lastKnownFileType = wrapper.framework; name = XgridFoundation.framework; path = /System/Library/Frameworks/XgridFoundation.framework; sourceTree = "<absolute>"; };
		56E2AD8C088E1A460097E200 /* XgridPrivate.h */ = {isa = PBXFileReference; fileEncoding = 4; lastKnownFileType = sourcecode.c.h; path = XgridPrivate.h; sourceTree = "<group>"; };
		56E458B4088D86880096D72B /* StatusReporter.h */ = {isa = PBXFileReference; fileEncoding = 4; lastKnownFileType = sourcecode.c.h; path = StatusReporter.h; sourceTree = "<group>"; };
		56E458B5088D86880096D72B /* StatusReporter.m */ = {isa = PBXFileReference; fileEncoding = 4; lastKnownFileType = sourcecode.c.objc; path = StatusReporter.m; sourceTree = "<group>"; };
		56E458C8088D886D0096D72B /* DebugLog.h */ = {isa = PBXFileReference; fileEncoding = 30; lastKnownFileType = sourcecode.c.h; path = DebugLog.h; sourceTree = "<group>"; };
		56E458C9088D886D0096D72B /* DebugLog.m */ = {isa = PBXFileReference; fileEncoding = 30; lastKnownFileType = sourcecode.c.objc; path = DebugLog.m; sourceTree = "<group>"; };
		8DD76FA10486AA7600D96B5E /* xgridstatus */ = {isa = PBXFileReference; explicitFileType = "compiled.mach-o.executable"; includeInIndex = 0; path = xgridstatus; sourceTree = BUILT_PRODUCTS_DIR; };
		C6859EA3029092ED04C91782 /* xgridstatus.1 */ = {isa = PBXFileReference; lastKnownFileType = text.man; path = xgridstatus.1; sourceTree = "<group>"; };
/* End PBXFileReference section */

/* Begin PBXFrameworksBuildPhase section */
		8DD76F9B0486AA7600D96B5E /* Frameworks */ = {
			isa = PBXFrameworksBuildPhase;
			buildActionMask = 2147483647;
			files = (
				8DD76F9C0486AA7600D96B5E /* Foundation.framework in Frameworks */,
				56E2AD12088E087D0097E200 /* XgridFoundation.framework in Frameworks */,
			);
			runOnlyForDeploymentPostprocessing = 0;
		};
/* End PBXFrameworksBuildPhase section */

/* Begin PBXGroup section */
		08FB7794FE84155DC02AAC07 /* XgridStatus */ = {
			isa = PBXGroup;
			children = (
				08FB7795FE84155DC02AAC07 /* Source */,
				C6859EA2029092E104C91782 /* Documentation */,
				08FB779DFE84155DC02AAC07 /* External Frameworks and Libraries */,
				1AB674ADFE9D54B511CA2CBB /* Products */,
			);
			name = XgridStatus;
			sourceTree = "<group>";
		};
		08FB7795FE84155DC02AAC07 /* Source */ = {
			isa = PBXGroup;
			children = (
				32A70AAB03705E1F00C91783 /* XgridStatus_Prefix.pch */,
				08FB7796FE84155DC02AAC07 /* XgridStatus.m */,
				56E2AD8C088E1A460097E200 /* XgridPrivate.h */,
				56E458C8088D886D0096D72B /* DebugLog.h */,
				56E458C9088D886D0096D72B /* DebugLog.m */,
				56E458B4088D86880096D72B /* StatusReporter.h */,
				56E458B5088D86880096D72B /* StatusReporter.m */,
			);
			name = Source;
			sourceTree = "<group>";
		};
		08FB779DFE84155DC02AAC07 /* External Frameworks and Libraries */ = {
			isa = PBXGroup;
			children = (
				56E2AD11088E087D0097E200 /* XgridFoundation.framework */,
				08FB779EFE84155DC02AAC07 /* Foundation.framework */,
			);
			name = "External Frameworks and Libraries";
			sourceTree = "<group>";
		};
		1AB674ADFE9D54B511CA2CBB /* Products */ = {
			isa = PBXGroup;
			children = (
				8DD76FA10486AA7600D96B5E /* xgridstatus */,
			);
			name = Products;
			sourceTree = "<group>";
		};
		C6859EA2029092E104C91782 /* Documentation */ = {
			isa = PBXGroup;
			children = (
				C6859EA3029092ED04C91782 /* xgridstatus.1 */,
			);
			name = Documentation;
			sourceTree = "<group>";
		};
/* End PBXGroup section */

/* Begin PBXNativeTarget section */
		8DD76F960486AA7600D96B5E /* XgridStatus */ = {
			isa = PBXNativeTarget;
			buildConfigurationList = 56E4587B088D7FDD0096D72B /* Build configuration list for PBXNativeTarget "XgridStatus" */;
			buildPhases = (
				8DD76F990486AA7600D96B5E /* Sources */,
				8DD76F9B0486AA7600D96B5E /* Frameworks */,
				8DD76F9E0486AA7600D96B5E /* CopyFiles */,
			);
			buildRules = (
			);
			buildSettings = {
				GCC_GENERATE_DEBUGGING_SYMBOLS = NO;
				GCC_MODEL_TUNING = G5;
				GCC_PRECOMPILE_PREFIX_HEADER = YES;
				GCC_PREFIX_HEADER = XgridStatus_Prefix.pch;
				GCC_WARN_ABOUT_RETURN_TYPE = YES;
				GCC_WARN_UNUSED_VARIABLE = YES;
				INSTALL_PATH = "$(HOME)/bin";
				PREBINDING = NO;
				PRODUCT_NAME = XgridStatus;
			};
			dependencies = (
			);
			name = XgridStatus;
			productInstallPath = "$(HOME)/bin";
			productName = XgridStatus;
			productReference = 8DD76FA10486AA7600D96B5E /* xgridstatus */;
			productType = "com.apple.product-type.tool";
		};
/* End PBXNativeTarget section */

/* Begin PBXProject section */
		08FB7793FE84155DC02AAC07 /* Project object */ = {
			isa = PBXProject;
			buildConfigurationList = 56E4587F088D7FDD0096D72B /* Build configuration list for PBXProject "XgridStatus" */;
			buildSettings = {
			};
			buildStyles = (
				014CEA4F0018CE4811CA2923 /* Debug */,
				014CEA500018CE4811CA2923 /* Release */,
			);
			hasScannedForEncodings = 1;
			mainGroup = 08FB7794FE84155DC02AAC07 /* XgridStatus */;
			projectDirPath = "";
			targets = (
				8DD76F960486AA7600D96B5E /* XgridStatus */,
			);
		};
/* End PBXProject section */

/* Begin PBXSourcesBuildPhase section */
		8DD76F990486AA7600D96B5E /* Sources */ = {
			isa = PBXSourcesBuildPhase;
			buildActionMask = 2147483647;
			files = (
				8DD76F9A0486AA7600D96B5E /* XgridStatus.m in Sources */,
				56E458B7088D86880096D72B /* StatusReporter.m in Sources */,
				56E458CB088D886D0096D72B /* DebugLog.m in Sources */,
			);
			runOnlyForDeploymentPostprocessing = 0;
		};
/* End PBXSourcesBuildPhase section */

/* Begin XCBuildConfiguration section */
		56E4587C088D7FDD0096D72B /* Debug */ = {
			isa = XCBuildConfiguration;
			buildSettings = {
				ARCHS = (
					ppc,
					i386,
				);
				COPY_PHASE_STRIP = NO;
				GCC_DYNAMIC_NO_PIC = NO;
				GCC_ENABLE_FIX_AND_CONTINUE = YES;
				GCC_GENERATE_DEBUGGING_SYMBOLS = YES;
				GCC_MODEL_TUNING = G5;
				GCC_OPTIMIZATION_LEVEL = 0;
				GCC_PRECOMPILE_PREFIX_HEADER = YES;
				GCC_PREFIX_HEADER = XgridStatus_Prefix.pch;
				GCC_PREPROCESSOR_DEFINITIONS = DEBUG;
				GCC_WARN_ABOUT_RETURN_TYPE = YES;
				GCC_WARN_UNUSED_VARIABLE = YES;
				INSTALL_PATH = "$(HOME)/bin";
				PREBINDING = NO;
				PRODUCT_NAME = xgridstatus;
				ZERO_LINK = YES;
			};
			name = Debug;
		};
		56E4587D088D7FDD0096D72B /* Release */ = {
			isa = XCBuildConfiguration;
			buildSettings = {
				ARCHS = (
					ppc,
					i386,
				);
				COPY_PHASE_STRIP = YES;
				GCC_ENABLE_FIX_AND_CONTINUE = NO;
				GCC_GENERATE_DEBUGGING_SYMBOLS = NO;
				GCC_MODEL_TUNING = G5;
				GCC_PRECOMPILE_PREFIX_HEADER = YES;
				GCC_PREFIX_HEADER = XgridStatus_Prefix.pch;
				GCC_WARN_ABOUT_RETURN_TYPE = YES;
				GCC_WARN_UNUSED_VARIABLE = YES;
				INSTALL_PATH = "$(HOME)/bin";
				PREBINDING = NO;
				PRODUCT_NAME = xgridstatus;
				ZERO_LINK = NO;
			};
			name = Release;
		};
		56E4587E088D7FDD0096D72B /* Default */ = {
			isa = XCBuildConfiguration;
			buildSettings = {
				ARCHS = (
					ppc,
					i386,
				);
				GCC_GENERATE_DEBUGGING_SYMBOLS = NO;
				GCC_MODEL_TUNING = G5;
				GCC_PRECOMPILE_PREFIX_HEADER = YES;
				GCC_PREFIX_HEADER = XgridStatus_Prefix.pch;
				GCC_WARN_ABOUT_RETURN_TYPE = YES;
				GCC_WARN_UNUSED_VARIABLE = YES;
				INSTALL_PATH = "$(HOME)/bin";
				PREBINDING = NO;
				PRODUCT_NAME = xgridstatus;
			};
			name = Default;
		};
		56E45880088D7FDD0096D72B /* Debug */ = {
			isa = XCBuildConfiguration;
			buildSettings = {
				ARCHS = (
					ppc,
					i386,
				);
				MACOSX_DEPLOYMENT_TARGET = 10.4;
				SDKROOT = /Developer/SDKs/MacOSX10.4u.sdk;
			};
			name = Debug;
		};
		56E45881088D7FDD0096D72B /* Release */ = {
			isa = XCBuildConfiguration;
			buildSettings = {
				ARCHS = (
					ppc,
					i386,
				);
				MACOSX_DEPLOYMENT_TARGET = 10.4;
				SDKROOT = /Developer/SDKs/MacOSX10.4u.sdk;
			};
			name = Release;
		};
		56E45882088D7FDD0096D72B /* Default */ = {
			isa = XCBuildConfiguration;
			buildSettings = {
				ARCHS = (
					ppc,
					i386,
				);
				MACOSX_DEPLOYMENT_TARGET = 10.4;
				SDKROOT = /Developer/SDKs/MacOSX10.4u.sdk;
			};
			name = Default;
		};
/* End XCBuildConfiguration section */

/* Begin XCConfigurationList section */
		56E4587B088D7FDD0096D72B /* Build configuration list for PBXNativeTarget "XgridStatus" */ = {
			isa = XCConfigurationList;
			buildConfigurations = (
				56E4587C088D7FDD0096D72B /* Debug */,
				56E4587D088D7FDD0096D72B /* Release */,
				56E4587E088D7FDD0096D72B /* Default */,
			);
			defaultConfigurationIsVisible = 0;
			defaultConfigurationName = Default;
		};
		56E4587F088D7FDD0096D72B /* Build configuration list for PBXProject "XgridStatus" */ = {
			isa = XCConfigurationList;
			buildConfigurations = (
				56E45880088D7FDD0096D72B /* Debug */,
				56E45881088D7FDD0096D72B /* Release */,
				56E45882088D7FDD0096D72B /* Default */,
			);
			defaultConfigurationIsVisible = 0;
			defaultConfigurationName = Default;
		};
/* End XCConfigurationList section */
	};
	rootObject = 08FB7793FE84155DC02AAC07 /* Project object */;
}
