// !$*UTF8*$!
{
	archiveVersion = 1;
	classes = {
	};
	objectVersion = 42;
	objects = {

/* Begin PBXBuildFile section */
		560F86D90A96724200D97702 /* PlistCategories.m in Sources */ = {isa = PBXBuildFile; fileRef = 560F86D70A96724100D97702 /* PlistCategories.m */; };
		561C577B0A76EBAE00212BEC /* GridReport.m in Sources */ = {isa = PBXBuildFile; fileRef = 561C57790A76EBAE00212BEC /* GridReport.m */; };
		561C57EF0A783DF000212BEC /* GEZGridHook.m in Sources */ = {isa = PBXBuildFile; fileRef = 561C57580A76EB0900212BEC /* GEZGridHook.m */; };
		561C57F10A783DF100212BEC /* GEZServerHook.m in Sources */ = {isa = PBXBuildFile; fileRef = 561C575A0A76EB0900212BEC /* GEZServerHook.m */; };
		563E80E20A7B3A4B00E34BAF /* Security.framework in Frameworks */ = {isa = PBXBuildFile; fileRef = 563E80E10A7B3A4B00E34BAF /* Security.framework */; };
		563E83790A8417E500E34BAF /* ResourceStateToStringTransformer.m in Sources */ = {isa = PBXBuildFile; fileRef = 563E83770A8417E500E34BAF /* ResourceStateToStringTransformer.m */; };
		5644868C0B9553C20058A309 /* GEZResourceObserver.h in CopyFiles */ = {isa = PBXBuildFile; fileRef = 5644868A0B9553C20058A309 /* GEZResourceObserver.h */; };
		5644868D0B9553C20058A309 /* GEZResourceObserver.m in Sources */ = {isa = PBXBuildFile; fileRef = 5644868B0B9553C20058A309 /* GEZResourceObserver.m */; };
		564486C00B9565E70058A309 /* GEZGridHookBase.h in CopyFiles */ = {isa = PBXBuildFile; fileRef = 564486BE0B9565E70058A309 /* GEZGridHookBase.h */; };
		564486C10B9565E70058A309 /* GEZGridHookBase.m in Sources */ = {isa = PBXBuildFile; fileRef = 564486BF0B9565E70058A309 /* GEZGridHookBase.m */; };
		56E2AD12088E087D0097E200 /* XgridFoundation.framework in Frameworks */ = {isa = PBXBuildFile; fileRef = 56E2AD11088E087D0097E200 /* XgridFoundation.framework */; };
		56E458B7088D86880096D72B /* StatusReporter.m in Sources */ = {isa = PBXBuildFile; fileRef = 56E458B5088D86880096D72B /* StatusReporter.m */; };
		56E458CB088D886D0096D72B /* DebugLog.m in Sources */ = {isa = PBXBuildFile; fileRef = 56E458C9088D886D0096D72B /* DebugLog.m */; };
		8DD76F9A0486AA7600D96B5E /* XgridStatus.m in Sources */ = {isa = PBXBuildFile; fileRef = 08FB7796FE84155DC02AAC07 /* XgridStatus.m */; settings = {ATTRIBUTES = (); }; };
		8DD76F9C0486AA7600D96B5E /* Foundation.framework in Frameworks */ = {isa = PBXBuildFile; fileRef = 08FB779EFE84155DC02AAC07 /* Foundation.framework */; };
		8DD76F9F0486AA7600D96B5E /* xgridstatus.1 in CopyFiles */ = {isa = PBXBuildFile; fileRef = C6859EA3029092ED04C91782 /* xgridstatus.1 */; };
/* End PBXBuildFile section */

/* Begin PBXCopyFilesBuildPhase section */
		8DD76F9E0486AA7600D96B5E /* CopyFiles */ = {
			isa = PBXCopyFilesBuildPhase;
			buildActionMask = 8;
			dstPath = /usr/share/man/man1/;
			dstSubfolderSpec = 0;
			files = (
				8DD76F9F0486AA7600D96B5E /* xgridstatus.1 in CopyFiles */,
				5644868C0B9553C20058A309 /* GEZResourceObserver.h in CopyFiles */,
				564486C00B9565E70058A309 /* GEZGridHookBase.h in CopyFiles */,
			);
			runOnlyForDeploymentPostprocessing = 1;
		};
/* End PBXCopyFilesBuildPhase section */

/* Begin PBXFileReference section */
		08FB7796FE84155DC02AAC07 /* XgridStatus.m */ = {isa = PBXFileReference; fileEncoding = 4; lastKnownFileType = sourcecode.c.objc; path = XgridStatus.m; sourceTree = "<group>"; };
		08FB779EFE84155DC02AAC07 /* Foundation.framework */ = {isa = PBXFileReference; lastKnownFileType = wrapper.framework; name = Foundation.framework; path = /System/Library/Frameworks/Foundation.framework; sourceTree = "<absolute>"; };
		32A70AAB03705E1F00C91783 /* XgridStatus_Prefix.pch */ = {isa = PBXFileReference; fileEncoding = 4; lastKnownFileType = sourcecode.c.h; path = XgridStatus_Prefix.pch; sourceTree = "<group>"; };
		560F85F20A9532DB00D97702 /* TODO.txt */ = {isa = PBXFileReference; fileEncoding = 4; lastKnownFileType = text; path = TODO.txt; sourceTree = "<group>"; };
		560F86D60A96724100D97702 /* PlistCategories.h */ = {isa = PBXFileReference; fileEncoding = 4; lastKnownFileType = sourcecode.c.h; path = PlistCategories.h; sourceTree = "<group>"; };
		560F86D70A96724100D97702 /* PlistCategories.m */ = {isa = PBXFileReference; fileEncoding = 4; lastKnownFileType = sourcecode.c.objc; path = PlistCategories.m; sourceTree = "<group>"; };
		561C57570A76EB0900212BEC /* GEZGridHook.h */ = {isa = PBXFileReference; fileEncoding = 30; lastKnownFileType = sourcecode.c.h; path = GEZGridHook.h; sourceTree = "<group>"; };
		561C57580A76EB0900212BEC /* GEZGridHook.m */ = {isa = PBXFileReference; fileEncoding = 30; lastKnownFileType = sourcecode.c.objc; path = GEZGridHook.m; sourceTree = "<group>"; };
		561C57590A76EB0900212BEC /* GEZServerHook.h */ = {isa = PBXFileReference; fileEncoding = 30; lastKnownFileType = sourcecode.c.h; path = GEZServerHook.h; sourceTree = "<group>"; };
		561C575A0A76EB0900212BEC /* GEZServerHook.m */ = {isa = PBXFileReference; fileEncoding = 30; lastKnownFileType = sourcecode.c.objc; path = GEZServerHook.m; sourceTree = "<group>"; };
		561C57780A76EBAE00212BEC /* GridReport.h */ = {isa = PBXFileReference; fileEncoding = 4; lastKnownFileType = sourcecode.c.h; path = GridReport.h; sourceTree = "<group>"; };
		561C57790A76EBAE00212BEC /* GridReport.m */ = {isa = PBXFileReference; fileEncoding = 4; lastKnownFileType = sourcecode.c.objc; path = GridReport.m; sourceTree = "<group>"; };
		563E80E10A7B3A4B00E34BAF /* Security.framework */ = {isa = PBXFileReference; lastKnownFileType = wrapper.framework; name = Security.framework; path = /System/Library/Frameworks/Security.framework; sourceTree = "<absolute>"; };
		563E83760A8417E400E34BAF /* ResourceStateToStringTransformer.h */ = {isa = PBXFileReference; fileEncoding = 4; lastKnownFileType = sourcecode.c.h; path = ResourceStateToStringTransformer.h; sourceTree = "<group>"; };
		563E83770A8417E500E34BAF /* ResourceStateToStringTransformer.m */ = {isa = PBXFileReference; fileEncoding = 4; lastKnownFileType = sourcecode.c.objc; path = ResourceStateToStringTransformer.m; sourceTree = "<group>"; };
		5644868A0B9553C20058A309 /* GEZResourceObserver.h */ = {isa = PBXFileReference; fileEncoding = 30; lastKnownFileType = sourcecode.c.h; path = GEZResourceObserver.h; sourceTree = "<group>"; };
		5644868B0B9553C20058A309 /* GEZResourceObserver.m */ = {isa = PBXFileReference; fileEncoding = 30; lastKnownFileType = sourcecode.c.objc; path = GEZResourceObserver.m; sourceTree = "<group>"; };
		564486BE0B9565E70058A309 /* GEZGridHookBase.h */ = {isa = PBXFileReference; fileEncoding = 30; lastKnownFileType = sourcecode.c.h; path = GEZGridHookBase.h; sourceTree = "<group>"; };
		564486BF0B9565E70058A309 /* GEZGridHookBase.m */ = {isa = PBXFileReference; fileEncoding = 30; lastKnownFileType = sourcecode.c.objc; path = GEZGridHookBase.m; sourceTree = "<group>"; };
		56DE96040A8C03CD00FBC2E2 /* GEZAgentHook.h */ = {isa = PBXFileReference; fileEncoding = 4; lastKnownFileType = sourcecode.c.h; path = GEZAgentHook.h; sourceTree = "<group>"; };
		56DE96050A8C03CD00FBC2E2 /* GEZAgentHook.m */ = {isa = PBXFileReference; fileEncoding = 4; lastKnownFileType = sourcecode.c.objc; path = GEZAgentHook.m; sourceTree = "<group>"; };
		56E2AD11088E087D0097E200 /* XgridFoundation.framework */ = {isa = PBXFileReference; lastKnownFileType = wrapper.framework; name = XgridFoundation.framework; path = /System/Library/Frameworks/XgridFoundation.framework; sourceTree = "<absolute>"; };
		56E2AD8C088E1A460097E200 /* XgridPrivate.h */ = {isa = PBXFileReference; fileEncoding = 4; lastKnownFileType = sourcecode.c.h; path = XgridPrivate.h; sourceTree = "<group>"; };
		56E458B4088D86880096D72B /* StatusReporter.h */ = {isa = PBXFileReference; fileEncoding = 4; lastKnownFileType = sourcecode.c.h; path = StatusReporter.h; sourceTree = "<group>"; };
		56E458B5088D86880096D72B /* StatusReporter.m */ = {isa = PBXFileReference; fileEncoding = 4; lastKnownFileType = sourcecode.c.objc; path = StatusReporter.m; sourceTree = "<group>"; };
		56E458C8088D886D0096D72B /* DebugLog.h */ = {isa = PBXFileReference; fileEncoding = 30; lastKnownFileType = sourcecode.c.h; path = DebugLog.h; sourceTree = "<group>"; };
		56E458C9088D886D0096D72B /* DebugLog.m */ = {isa = PBXFileReference; fileEncoding = 30; lastKnownFileType = sourcecode.c.objc; path = DebugLog.m; sourceTree = "<group>"; };
		8DD76FA10486AA7600D96B5E /* xgridstatus */ = {isa = PBXFileReference; explicitFileType = "compiled.mach-o.executable"; includeInIndex = 0; path = xgridstatus; sourceTree = BUILT_PRODUCTS_DIR; };
		C6859EA3029092ED04C91782 /* xgridstatus.1 */ = {isa = PBXFileReference; lastKnownFileType = text.man; path = xgridstatus.1; sourceTree = "<group>"; };
/* End PBXFileReference section */

/* Begin PBXFrameworksBuildPhase section */
		8DD76F9B0486AA7600D96B5E /* Frameworks */ = {
			isa = PBXFrameworksBuildPhase;
			buildActionMask = 2147483647;
			files = (
				8DD76F9C0486AA7600D96B5E /* Foundation.framework in Frameworks */,
				56E2AD12088E087D0097E200 /* XgridFoundation.framework in Frameworks */,
				563E80E20A7B3A4B00E34BAF /* Security.framework in Frameworks */,
			);
			runOnlyForDeploymentPostprocessing = 0;
		};
/* End PBXFrameworksBuildPhase section */

/* Begin PBXGroup section */
		08FB7794FE84155DC02AAC07 /* XgridStatus */ = {
			isa = PBXGroup;
			children = (
				560F85F20A9532DB00D97702 /* TODO.txt */,
				561C57610A76EB2700212BEC /* from GridEZ */,
				08FB7795FE84155DC02AAC07 /* Source */,
				C6859EA2029092E104C91782 /* Documentation */,
				08FB779DFE84155DC02AAC07 /* External Frameworks and Libraries */,
				1AB674ADFE9D54B511CA2CBB /* Products */,
			);
			name = XgridStatus;
			sourceTree = "<group>";
		};
		08FB7795FE84155DC02AAC07 /* Source */ = {
			isa = PBXGroup;
			children = (
				56E2AD8C088E1A460097E200 /* XgridPrivate.h */,
				32A70AAB03705E1F00C91783 /* XgridStatus_Prefix.pch */,
				08FB7796FE84155DC02AAC07 /* XgridStatus.m */,
				56E458C8088D886D0096D72B /* DebugLog.h */,
				56E458C9088D886D0096D72B /* DebugLog.m */,
				56E458B4088D86880096D72B /* StatusReporter.h */,
				56E458B5088D86880096D72B /* StatusReporter.m */,
				561C57780A76EBAE00212BEC /* GridReport.h */,
				561C57790A76EBAE00212BEC /* GridReport.m */,
				563E83760A8417E400E34BAF /* ResourceStateToStringTransformer.h */,
				563E83770A8417E500E34BAF /* ResourceStateToStringTransformer.m */,
				560F86D60A96724100D97702 /* PlistCategories.h */,
				560F86D70A96724100D97702 /* PlistCategories.m */,
			);
			name = Source;
			sourceTree = "<group>";
		};
		08FB779DFE84155DC02AAC07 /* External Frameworks and Libraries */ = {
			isa = PBXGroup;
			children = (
				56E2AD11088E087D0097E200 /* XgridFoundation.framework */,
				08FB779EFE84155DC02AAC07 /* Foundation.framework */,
				563E80E10A7B3A4B00E34BAF /* Security.framework */,
			);
			name = "External Frameworks and Libraries";
			sourceTree = "<group>";
		};
		1AB674ADFE9D54B511CA2CBB /* Products */ = {
			isa = PBXGroup;
			children = (
				8DD76FA10486AA7600D96B5E /* xgridstatus */,
			);
			name = Products;
			sourceTree = "<group>";
		};
		561C57610A76EB2700212BEC /* from GridEZ */ = {
			isa = PBXGroup;
			children = (
				5644868A0B9553C20058A309 /* GEZResourceObserver.h */,
				5644868B0B9553C20058A309 /* GEZResourceObserver.m */,
				564486BE0B9565E70058A309 /* GEZGridHookBase.h */,
				564486BF0B9565E70058A309 /* GEZGridHookBase.m */,
				561C57570A76EB0900212BEC /* GEZGridHook.h */,
				561C57580A76EB0900212BEC /* GEZGridHook.m */,
				561C57590A76EB0900212BEC /* GEZServerHook.h */,
				561C575A0A76EB0900212BEC /* GEZServerHook.m */,
				56DE96040A8C03CD00FBC2E2 /* GEZAgentHook.h */,
				56DE96050A8C03CD00FBC2E2 /* GEZAgentHook.m */,
			);
			name = "from GridEZ";
			sourceTree = "<group>";
		};
		C6859EA2029092E104C91782 /* Documentation */ = {
			isa = PBXGroup;
			children = (
				C6859EA3029092ED04C91782 /* xgridstatus.1 */,
			);
			name = Documentation;
			sourceTree = "<group>";
		};
/* End PBXGroup section */

/* Begin PBXNativeTarget section */
		8DD76F960486AA7600D96B5E /* XgridStatus */ = {
			isa = PBXNativeTarget;
			buildConfigurationList = 56E4587B088D7FDD0096D72B /* Build configuration list for PBXNativeTarget "XgridStatus" */;
			buildPhases = (
				8DD76F990486AA7600D96B5E /* Sources */,
				8DD76F9B0486AA7600D96B5E /* Frameworks */,
				8DD76F9E0486AA7600D96B5E /* CopyFiles */,
			);
			buildRules = (
			);
			dependencies = (
			);
			name = XgridStatus;
			productInstallPath = "$(HOME)/bin";
			productName = XgridStatus;
			productReference = 8DD76FA10486AA7600D96B5E /* xgridstatus */;
			productType = "com.apple.product-type.tool";
		};
/* End PBXNativeTarget section */

/* Begin PBXProject section */
		08FB7793FE84155DC02AAC07 /* Project object */ = {
			isa = PBXProject;
			buildConfigurationList = 56E4587F088D7FDD0096D72B /* Build configuration list for PBXProject "XgridStatus" */;
			hasScannedForEncodings = 1;
			mainGroup = 08FB7794FE84155DC02AAC07 /* XgridStatus */;
			projectDirPath = "";
			targets = (
				8DD76F960486AA7600D96B5E /* XgridStatus */,
			);
		};
/* End PBXProject section */

/* Begin PBXSourcesBuildPhase section */
		8DD76F990486AA7600D96B5E /* Sources */ = {
			isa = PBXSourcesBuildPhase;
			buildActionMask = 2147483647;
			files = (
				561C57EF0A783DF000212BEC /* GEZGridHook.m in Sources */,
				561C57F10A783DF100212BEC /* GEZServerHook.m in Sources */,
				8DD76F9A0486AA7600D96B5E /* XgridStatus.m in Sources */,
				56E458B7088D86880096D72B /* StatusReporter.m in Sources */,
				56E458CB088D886D0096D72B /* DebugLog.m in Sources */,
				561C577B0A76EBAE00212BEC /* GridReport.m in Sources */,
				563E83790A8417E500E34BAF /* ResourceStateToStringTransformer.m in Sources */,
				560F86D90A96724200D97702 /* PlistCategories.m in Sources */,
				5644868D0B9553C20058A309 /* GEZResourceObserver.m in Sources */,
				564486C10B9565E70058A309 /* GEZGridHookBase.m in Sources */,
			);
			runOnlyForDeploymentPostprocessing = 0;
		};
/* End PBXSourcesBuildPhase section */

/* Begin XCBuildConfiguration section */
		56E4587C088D7FDD0096D72B /* Debug */ = {
			isa = XCBuildConfiguration;
			buildSettings = {
				ARCHS = "$(NATIVE_ARCH)";
				COPY_PHASE_STRIP = NO;
				GCC_DYNAMIC_NO_PIC = NO;
				GCC_ENABLE_FIX_AND_CONTINUE = YES;
				GCC_GENERATE_DEBUGGING_SYMBOLS = YES;
				GCC_MODEL_TUNING = G5;
				GCC_OPTIMIZATION_LEVEL = 0;
				GCC_PRECOMPILE_PREFIX_HEADER = YES;
				GCC_PREFIX_HEADER = XgridStatus_Prefix.pch;
				GCC_PREPROCESSOR_DEFINITIONS = DEBUG;
				GCC_WARN_ABOUT_RETURN_TYPE = YES;
				GCC_WARN_UNUSED_VARIABLE = YES;
				INSTALL_PATH = "$(HOME)/bin";
				PREBINDING = NO;
				PRODUCT_NAME = xgridstatus;
				ZERO_LINK = NO;
			};
			name = Debug;
		};
		56E4587D088D7FDD0096D72B /* Release */ = {
			isa = XCBuildConfiguration;
			buildSettings = {
				ARCHS = (
					ppc,
					i386,
				);
				COPY_PHASE_STRIP = YES;
				GCC_ENABLE_FIX_AND_CONTINUE = NO;
				GCC_GENERATE_DEBUGGING_SYMBOLS = NO;
				GCC_MODEL_TUNING = G5;
				GCC_PRECOMPILE_PREFIX_HEADER = YES;
				GCC_PREFIX_HEADER = XgridStatus_Prefix.pch;
				GCC_WARN_ABOUT_RETURN_TYPE = YES;
				GCC_WARN_UNUSED_VARIABLE = YES;
				INSTALL_PATH = "$(HOME)/bin";
				PREBINDING = NO;
				PRODUCT_NAME = xgridstatus;
				ZERO_LINK = NO;
			};
			name = Release;
		};
		56E4587E088D7FDD0096D72B /* Default */ = {
			isa = XCBuildConfiguration;
			buildSettings = {
				ARCHS = (
					ppc,
					i386,
				);
				GCC_GENERATE_DEBUGGING_SYMBOLS = NO;
				GCC_MODEL_TUNING = G5;
				GCC_PRECOMPILE_PREFIX_HEADER = YES;
				GCC_PREFIX_HEADER = XgridStatus_Prefix.pch;
				GCC_WARN_ABOUT_RETURN_TYPE = YES;
				GCC_WARN_UNUSED_VARIABLE = YES;
				INSTALL_PATH = "$(HOME)/bin";
				PREBINDING = NO;
				PRODUCT_NAME = xgridstatus;
			};
			name = Default;
		};
		56E45880088D7FDD0096D72B /* Debug */ = {
			isa = XCBuildConfiguration;
			buildSettings = {
				ARCHS = (
					ppc,
					i386,
				);
				MACOSX_DEPLOYMENT_TARGET = 10.4;
				SDKROOT = /Developer/SDKs/MacOSX10.4u.sdk;
			};
			name = Debug;
		};
		56E45881088D7FDD0096D72B /* Release */ = {
			isa = XCBuildConfiguration;
			buildSettings = {
				ARCHS = (
					ppc,
					i386,
				);
				MACOSX_DEPLOYMENT_TARGET = 10.4;
				SDKROOT = /Developer/SDKs/MacOSX10.4u.sdk;
			};
			name = Release;
		};
		56E45882088D7FDD0096D72B /* Default */ = {
			isa = XCBuildConfiguration;
			buildSettings = {
				ARCHS = (
					ppc,
					i386,
				);
				MACOSX_DEPLOYMENT_TARGET = 10.4;
				SDKROOT = /Developer/SDKs/MacOSX10.4u.sdk;
			};
			name = Default;
		};
/* End XCBuildConfiguration section */

/* Begin XCConfigurationList section */
		56E4587B088D7FDD0096D72B /* Build configuration list for PBXNativeTarget "XgridStatus" */ = {
			isa = XCConfigurationList;
			buildConfigurations = (
				56E4587C088D7FDD0096D72B /* Debug */,
				56E4587D088D7FDD0096D72B /* Release */,
				56E4587E088D7FDD0096D72B /* Default */,
			);
			defaultConfigurationIsVisible = 0;
			defaultConfigurationName = Default;
		};
		56E4587F088D7FDD0096D72B /* Build configuration list for PBXProject "XgridStatus" */ = {
			isa = XCConfigurationList;
			buildConfigurations = (
				56E45880088D7FDD0096D72B /* Debug */,
				56E45881088D7FDD0096D72B /* Release */,
				56E45882088D7FDD0096D72B /* Default */,
			);
			defaultConfigurationIsVisible = 0;
			defaultConfigurationName = Default;
		};
/* End XCConfigurationList section */
	};
	rootObject = 08FB7793FE84155DC02AAC07 /* Project object */;
}
